// !$*UTF8*$!
{
	archiveVersion = 1;
	classes = {
	};
	objectVersion = 46;
	objects = {

/* Begin PBXBuildFile section */
		5030C7C71D4A5BDE003E4FEE /* AppDelegate.swift in Sources */ = {isa = PBXBuildFile; fileRef = 5030C7C61D4A5BDE003E4FEE /* AppDelegate.swift */; };
		5030C7CE1D4A5BDE003E4FEE /* Assets.xcassets in Resources */ = {isa = PBXBuildFile; fileRef = 5030C7CD1D4A5BDE003E4FEE /* Assets.xcassets */; };
		5030C7D11D4A5BDE003E4FEE /* LaunchScreen.storyboard in Resources */ = {isa = PBXBuildFile; fileRef = 5030C7CF1D4A5BDE003E4FEE /* LaunchScreen.storyboard */; };
		5030C7DB1D4A5F14003E4FEE /* StockPrices.swift in Sources */ = {isa = PBXBuildFile; fileRef = 5030C7DA1D4A5F14003E4FEE /* StockPrices.swift */; };
		5030C7DD1D4A5F21003E4FEE /* StockInfo.swift in Sources */ = {isa = PBXBuildFile; fileRef = 5030C7DC1D4A5F21003E4FEE /* StockInfo.swift */; };
		5030C7DF1D4A5F28003E4FEE /* Simulation.swift in Sources */ = {isa = PBXBuildFile; fileRef = 5030C7DE1D4A5F28003E4FEE /* Simulation.swift */; };
		5030C7E11D4A60A2003E4FEE /* Main.storyboard in Resources */ = {isa = PBXBuildFile; fileRef = 5030C7E01D4A60A2003E4FEE /* Main.storyboard */; };
		5030C7E31D4A60C3003E4FEE /* ViewController.swift in Sources */ = {isa = PBXBuildFile; fileRef = 5030C7E21D4A60C3003E4FEE /* ViewController.swift */; };
		5030C7E51D4A60D7003E4FEE /* NewSimViewController.swift in Sources */ = {isa = PBXBuildFile; fileRef = 5030C7E41D4A60D7003E4FEE /* NewSimViewController.swift */; };
		5030C7E71D4A60F8003E4FEE /* StockTableViewCell.swift in Sources */ = {isa = PBXBuildFile; fileRef = 5030C7E61D4A60F8003E4FEE /* StockTableViewCell.swift */; };
		5030C7E91D4A6100003E4FEE /* SimTableViewCell.swift in Sources */ = {isa = PBXBuildFile; fileRef = 5030C7E81D4A6100003E4FEE /* SimTableViewCell.swift */; };
		5030C7FA1D4A9190003E4FEE /* Charts.framework in Frameworks */ = {isa = PBXBuildFile; fileRef = 5030C7F31D4A90F6003E4FEE /* Charts.framework */; };
		5030C7FB1D4A9190003E4FEE /* Charts.framework in Embed Frameworks */ = {isa = PBXBuildFile; fileRef = 5030C7F31D4A90F6003E4FEE /* Charts.framework */; settings = {ATTRIBUTES = (CodeSignOnCopy, RemoveHeadersOnCopy, ); }; };
		5030C8001D4A91F3003E4FEE /* GraphViewController.swift in Sources */ = {isa = PBXBuildFile; fileRef = 5030C7FF1D4A91F3003E4FEE /* GraphViewController.swift */; };
		F0A9D986463F8B28B062337F /* Pods_PocketFinance.framework in Frameworks */ = {isa = PBXBuildFile; fileRef = 03F2D53CD7311369826BC5A4 /* Pods_PocketFinance.framework */; };
		F4370E281D6E30290014E409 /* SimulationDetailViewController.swift in Sources */ = {isa = PBXBuildFile; fileRef = F4370E271D6E30290014E409 /* SimulationDetailViewController.swift */; };
		F46465941D57CE3700929424 /* OptionPrices.swift in Sources */ = {isa = PBXBuildFile; fileRef = F46465931D57CE3700929424 /* OptionPrices.swift */; };
/* End PBXBuildFile section */

/* Begin PBXContainerItemProxy section */
		5030C7F21D4A90F6003E4FEE /* PBXContainerItemProxy */ = {
			isa = PBXContainerItemProxy;
			containerPortal = 5030C7EB1D4A90F5003E4FEE /* Charts.xcodeproj */;
			proxyType = 2;
			remoteGlobalIDString = 5BA8EC401A9D14DC00CE82E1;
			remoteInfo = "Charts-iOS";
		};
		5030C7F41D4A90F6003E4FEE /* PBXContainerItemProxy */ = {
			isa = PBXContainerItemProxy;
			containerPortal = 5030C7EB1D4A90F5003E4FEE /* Charts.xcodeproj */;
			proxyType = 2;
			remoteGlobalIDString = A52C5C371BAC5CA400594CDD;
			remoteInfo = "Charts-TV";
		};
		5030C7F61D4A90F6003E4FEE /* PBXContainerItemProxy */ = {
			isa = PBXContainerItemProxy;
			containerPortal = 5030C7EB1D4A90F5003E4FEE /* Charts.xcodeproj */;
			proxyType = 2;
			remoteGlobalIDString = 65B3F5BF1C7370BE000983D0;
			remoteInfo = "Charts-OSX";
		};
		5030C7F81D4A90F6003E4FEE /* PBXContainerItemProxy */ = {
			isa = PBXContainerItemProxy;
			containerPortal = 5030C7EB1D4A90F5003E4FEE /* Charts.xcodeproj */;
			proxyType = 2;
			remoteGlobalIDString = 06AEE7A21BDC3F8B009875AE;
			remoteInfo = ChartsTests;
		};
		5030C7FC1D4A9190003E4FEE /* PBXContainerItemProxy */ = {
			isa = PBXContainerItemProxy;
			containerPortal = 5030C7EB1D4A90F5003E4FEE /* Charts.xcodeproj */;
			proxyType = 1;
			remoteGlobalIDString = 5BA8EC3F1A9D14DC00CE82E1;
			remoteInfo = "Charts-iOS";
		};
/* End PBXContainerItemProxy section */

/* Begin PBXCopyFilesBuildPhase section */
		5030C7FE1D4A9190003E4FEE /* Embed Frameworks */ = {
			isa = PBXCopyFilesBuildPhase;
			buildActionMask = 2147483647;
			dstPath = "";
			dstSubfolderSpec = 10;
			files = (
				5030C7FB1D4A9190003E4FEE /* Charts.framework in Embed Frameworks */,
			);
			name = "Embed Frameworks";
			runOnlyForDeploymentPostprocessing = 0;
		};
/* End PBXCopyFilesBuildPhase section */

/* Begin PBXFileReference section */
		03F2D53CD7311369826BC5A4 /* Pods_PocketFinance.framework */ = {isa = PBXFileReference; explicitFileType = wrapper.framework; includeInIndex = 0; path = Pods_PocketFinance.framework; sourceTree = BUILT_PRODUCTS_DIR; };
		12CC0A8A9E128FA52A0FACF3 /* Pods-PocketFinance.debug.xcconfig */ = {isa = PBXFileReference; includeInIndex = 1; lastKnownFileType = text.xcconfig; name = "Pods-PocketFinance.debug.xcconfig"; path = "Pods/Target Support Files/Pods-PocketFinance/Pods-PocketFinance.debug.xcconfig"; sourceTree = "<group>"; };
		5030C7C31D4A5BDE003E4FEE /* PocketFinance.app */ = {isa = PBXFileReference; explicitFileType = wrapper.application; includeInIndex = 0; path = PocketFinance.app; sourceTree = BUILT_PRODUCTS_DIR; };
		5030C7C61D4A5BDE003E4FEE /* AppDelegate.swift */ = {isa = PBXFileReference; lastKnownFileType = sourcecode.swift; path = AppDelegate.swift; sourceTree = "<group>"; };
		5030C7CD1D4A5BDE003E4FEE /* Assets.xcassets */ = {isa = PBXFileReference; lastKnownFileType = folder.assetcatalog; path = Assets.xcassets; sourceTree = "<group>"; };
		5030C7D01D4A5BDE003E4FEE /* Base */ = {isa = PBXFileReference; lastKnownFileType = file.storyboard; name = Base; path = Base.lproj/LaunchScreen.storyboard; sourceTree = "<group>"; };
		5030C7D21D4A5BDE003E4FEE /* Info.plist */ = {isa = PBXFileReference; lastKnownFileType = text.plist.xml; path = Info.plist; sourceTree = "<group>"; };
		5030C7DA1D4A5F14003E4FEE /* StockPrices.swift */ = {isa = PBXFileReference; fileEncoding = 4; lastKnownFileType = sourcecode.swift; path = StockPrices.swift; sourceTree = "<group>"; };
		5030C7DC1D4A5F21003E4FEE /* StockInfo.swift */ = {isa = PBXFileReference; fileEncoding = 4; lastKnownFileType = sourcecode.swift; path = StockInfo.swift; sourceTree = "<group>"; };
		5030C7DE1D4A5F28003E4FEE /* Simulation.swift */ = {isa = PBXFileReference; fileEncoding = 4; lastKnownFileType = sourcecode.swift; path = Simulation.swift; sourceTree = "<group>"; };
		5030C7E01D4A60A2003E4FEE /* Main.storyboard */ = {isa = PBXFileReference; fileEncoding = 4; lastKnownFileType = file.storyboard; path = Main.storyboard; sourceTree = "<group>"; };
		5030C7E21D4A60C3003E4FEE /* ViewController.swift */ = {isa = PBXFileReference; fileEncoding = 4; lastKnownFileType = sourcecode.swift; path = ViewController.swift; sourceTree = "<group>"; };
		5030C7E41D4A60D7003E4FEE /* NewSimViewController.swift */ = {isa = PBXFileReference; fileEncoding = 4; lastKnownFileType = sourcecode.swift; path = NewSimViewController.swift; sourceTree = "<group>"; };
		5030C7E61D4A60F8003E4FEE /* StockTableViewCell.swift */ = {isa = PBXFileReference; fileEncoding = 4; lastKnownFileType = sourcecode.swift; path = StockTableViewCell.swift; sourceTree = "<group>"; };
		5030C7E81D4A6100003E4FEE /* SimTableViewCell.swift */ = {isa = PBXFileReference; fileEncoding = 4; lastKnownFileType = sourcecode.swift; path = SimTableViewCell.swift; sourceTree = "<group>"; };
		5030C7EB1D4A90F5003E4FEE /* Charts.xcodeproj */ = {isa = PBXFileReference; lastKnownFileType = "wrapper.pb-project"; name = Charts.xcodeproj; path = Charts/Charts.xcodeproj; sourceTree = "<group>"; };
		5030C7FF1D4A91F3003E4FEE /* GraphViewController.swift */ = {isa = PBXFileReference; fileEncoding = 4; lastKnownFileType = sourcecode.swift; path = GraphViewController.swift; sourceTree = "<group>"; };
		73119D00F8DDD5EC915A7760 /* Pods-PocketFinance.release.xcconfig */ = {isa = PBXFileReference; includeInIndex = 1; lastKnownFileType = text.xcconfig; name = "Pods-PocketFinance.release.xcconfig"; path = "Pods/Target Support Files/Pods-PocketFinance/Pods-PocketFinance.release.xcconfig"; sourceTree = "<group>"; };
		F4370E271D6E30290014E409 /* SimulationDetailViewController.swift */ = {isa = PBXFileReference; fileEncoding = 4; lastKnownFileType = sourcecode.swift; path = SimulationDetailViewController.swift; sourceTree = "<group>"; };
		F46465931D57CE3700929424 /* OptionPrices.swift */ = {isa = PBXFileReference; fileEncoding = 4; lastKnownFileType = sourcecode.swift; path = OptionPrices.swift; sourceTree = "<group>"; };
/* End PBXFileReference section */

/* Begin PBXFrameworksBuildPhase section */
		5030C7C01D4A5BDE003E4FEE /* Frameworks */ = {
			isa = PBXFrameworksBuildPhase;
			buildActionMask = 2147483647;
			files = (
				5030C7FA1D4A9190003E4FEE /* Charts.framework in Frameworks */,
				F0A9D986463F8B28B062337F /* Pods_PocketFinance.framework in Frameworks */,
			);
			runOnlyForDeploymentPostprocessing = 0;
		};
/* End PBXFrameworksBuildPhase section */

/* Begin PBXGroup section */
		04C5E3A3642A0F65B37C55F4 /* Frameworks */ = {
			isa = PBXGroup;
			children = (
				03F2D53CD7311369826BC5A4 /* Pods_PocketFinance.framework */,
			);
			name = Frameworks;
			sourceTree = "<group>";
		};
		5030C7BA1D4A5BDE003E4FEE = {
			isa = PBXGroup;
			children = (
				5030C7DC1D4A5F21003E4FEE /* StockInfo.swift */,
				5030C7DA1D4A5F14003E4FEE /* StockPrices.swift */,
				5030C7DE1D4A5F28003E4FEE /* Simulation.swift */,
				F46465931D57CE3700929424 /* OptionPrices.swift */,
				5030C7C51D4A5BDE003E4FEE /* PocketFinance */,
				5030C7C41D4A5BDE003E4FEE /* Products */,
				5030C7EB1D4A90F5003E4FEE /* Charts.xcodeproj */,
				95540E8C40DA05F88B0172A3 /* Pods */,
				04C5E3A3642A0F65B37C55F4 /* Frameworks */,
			);
			sourceTree = "<group>";
		};
		5030C7C41D4A5BDE003E4FEE /* Products */ = {
			isa = PBXGroup;
			children = (
				5030C7C31D4A5BDE003E4FEE /* PocketFinance.app */,
			);
			name = Products;
			sourceTree = "<group>";
		};
		5030C7C51D4A5BDE003E4FEE /* PocketFinance */ = {
			isa = PBXGroup;
			children = (
				F4370E271D6E30290014E409 /* SimulationDetailViewController.swift */,
				5030C7E41D4A60D7003E4FEE /* NewSimViewController.swift */,
				5030C7FF1D4A91F3003E4FEE /* GraphViewController.swift */,
				5030C7C61D4A5BDE003E4FEE /* AppDelegate.swift */,
				5030C7E21D4A60C3003E4FEE /* ViewController.swift */,
				5030C7E61D4A60F8003E4FEE /* StockTableViewCell.swift */,
				5030C7E81D4A6100003E4FEE /* SimTableViewCell.swift */,
				5030C7E01D4A60A2003E4FEE /* Main.storyboard */,
				5030C7CD1D4A5BDE003E4FEE /* Assets.xcassets */,
				5030C7CF1D4A5BDE003E4FEE /* LaunchScreen.storyboard */,
				5030C7D21D4A5BDE003E4FEE /* Info.plist */,
			);
			path = PocketFinance;
			sourceTree = "<group>";
		};
		5030C7EC1D4A90F5003E4FEE /* Products */ = {
			isa = PBXGroup;
			children = (
				5030C7F31D4A90F6003E4FEE /* Charts.framework */,
				5030C7F51D4A90F6003E4FEE /* Charts.framework */,
				5030C7F71D4A90F6003E4FEE /* Charts.framework */,
				5030C7F91D4A90F6003E4FEE /* ChartsTests.xctest */,
			);
			name = Products;
			sourceTree = "<group>";
		};
		95540E8C40DA05F88B0172A3 /* Pods */ = {
			isa = PBXGroup;
			children = (
				12CC0A8A9E128FA52A0FACF3 /* Pods-PocketFinance.debug.xcconfig */,
				73119D00F8DDD5EC915A7760 /* Pods-PocketFinance.release.xcconfig */,
			);
			name = Pods;
			sourceTree = "<group>";
		};
/* End PBXGroup section */

/* Begin PBXNativeTarget section */
		5030C7C21D4A5BDE003E4FEE /* PocketFinance */ = {
			isa = PBXNativeTarget;
			buildConfigurationList = 5030C7D51D4A5BDE003E4FEE /* Build configuration list for PBXNativeTarget "PocketFinance" */;
			buildPhases = (
				7E4FE4025834A682B4E7FB7C /* [CP] Check Pods Manifest.lock */,
				5030C7BF1D4A5BDE003E4FEE /* Sources */,
				5030C7C01D4A5BDE003E4FEE /* Frameworks */,
				5030C7C11D4A5BDE003E4FEE /* Resources */,
				5030C7FE1D4A9190003E4FEE /* Embed Frameworks */,
				36FF870DE0A51DAAC40A1B0D /* [CP] Embed Pods Frameworks */,
				CCB676249F406E9EC1D53E91 /* [CP] Copy Pods Resources */,
			);
			buildRules = (
			);
			dependencies = (
				5030C7FD1D4A9190003E4FEE /* PBXTargetDependency */,
			);
			name = PocketFinance;
			productName = PocketFinance;
			productReference = 5030C7C31D4A5BDE003E4FEE /* PocketFinance.app */;
			productType = "com.apple.product-type.application";
		};
/* End PBXNativeTarget section */

/* Begin PBXProject section */
		5030C7BB1D4A5BDE003E4FEE /* Project object */ = {
			isa = PBXProject;
			attributes = {
				LastSwiftUpdateCheck = 0730;
				LastUpgradeCheck = 0730;
				ORGANIZATIONNAME = uwaterloo;
				TargetAttributes = {
					5030C7C21D4A5BDE003E4FEE = {
						CreatedOnToolsVersion = 7.3.1;
					};
				};
			};
			buildConfigurationList = 5030C7BE1D4A5BDE003E4FEE /* Build configuration list for PBXProject "PocketFinance" */;
			compatibilityVersion = "Xcode 3.2";
			developmentRegion = English;
			hasScannedForEncodings = 0;
			knownRegions = (
				en,
				Base,
			);
			mainGroup = 5030C7BA1D4A5BDE003E4FEE;
			productRefGroup = 5030C7C41D4A5BDE003E4FEE /* Products */;
			projectDirPath = "";
			projectReferences = (
				{
					ProductGroup = 5030C7EC1D4A90F5003E4FEE /* Products */;
					ProjectRef = 5030C7EB1D4A90F5003E4FEE /* Charts.xcodeproj */;
				},
			);
			projectRoot = "";
			targets = (
				5030C7C21D4A5BDE003E4FEE /* PocketFinance */,
			);
		};
/* End PBXProject section */

/* Begin PBXReferenceProxy section */
		5030C7F31D4A90F6003E4FEE /* Charts.framework */ = {
			isa = PBXReferenceProxy;
			fileType = wrapper.framework;
			path = Charts.framework;
			remoteRef = 5030C7F21D4A90F6003E4FEE /* PBXContainerItemProxy */;
			sourceTree = BUILT_PRODUCTS_DIR;
		};
		5030C7F51D4A90F6003E4FEE /* Charts.framework */ = {
			isa = PBXReferenceProxy;
			fileType = wrapper.framework;
			path = Charts.framework;
			remoteRef = 5030C7F41D4A90F6003E4FEE /* PBXContainerItemProxy */;
			sourceTree = BUILT_PRODUCTS_DIR;
		};
		5030C7F71D4A90F6003E4FEE /* Charts.framework */ = {
			isa = PBXReferenceProxy;
			fileType = wrapper.framework;
			path = Charts.framework;
			remoteRef = 5030C7F61D4A90F6003E4FEE /* PBXContainerItemProxy */;
			sourceTree = BUILT_PRODUCTS_DIR;
		};
		5030C7F91D4A90F6003E4FEE /* ChartsTests.xctest */ = {
			isa = PBXReferenceProxy;
			fileType = wrapper.cfbundle;
			path = ChartsTests.xctest;
			remoteRef = 5030C7F81D4A90F6003E4FEE /* PBXContainerItemProxy */;
			sourceTree = BUILT_PRODUCTS_DIR;
		};
/* End PBXReferenceProxy section */

/* Begin PBXResourcesBuildPhase section */
		5030C7C11D4A5BDE003E4FEE /* Resources */ = {
			isa = PBXResourcesBuildPhase;
			buildActionMask = 2147483647;
			files = (
				5030C7E11D4A60A2003E4FEE /* Main.storyboard in Resources */,
				5030C7D11D4A5BDE003E4FEE /* LaunchScreen.storyboard in Resources */,
				5030C7CE1D4A5BDE003E4FEE /* Assets.xcassets in Resources */,
			);
			runOnlyForDeploymentPostprocessing = 0;
		};
/* End PBXResourcesBuildPhase section */

/* Begin PBXShellScriptBuildPhase section */
		36FF870DE0A51DAAC40A1B0D /* [CP] Embed Pods Frameworks */ = {
			isa = PBXShellScriptBuildPhase;
			buildActionMask = 2147483647;
			files = (
			);
			inputPaths = (
			);
			name = "[CP] Embed Pods Frameworks";
			outputPaths = (
			);
			runOnlyForDeploymentPostprocessing = 0;
			shellPath = /bin/sh;
			shellScript = "\"${SRCROOT}/Pods/Target Support Files/Pods-PocketFinance/Pods-PocketFinance-frameworks.sh\"\n";
			showEnvVarsInLog = 0;
		};
		7E4FE4025834A682B4E7FB7C /* [CP] Check Pods Manifest.lock */ = {
			isa = PBXShellScriptBuildPhase;
			buildActionMask = 2147483647;
			files = (
			);
			inputPaths = (
			);
			name = "[CP] Check Pods Manifest.lock";
			outputPaths = (
			);
			runOnlyForDeploymentPostprocessing = 0;
			shellPath = /bin/sh;
			shellScript = "diff \"${PODS_ROOT}/../Podfile.lock\" \"${PODS_ROOT}/Manifest.lock\" > /dev/null\nif [[ $? != 0 ]] ; then\n    cat << EOM\nerror: The sandbox is not in sync with the Podfile.lock. Run 'pod install' or update your CocoaPods installation.\nEOM\n    exit 1\nfi\n";
			showEnvVarsInLog = 0;
		};
		CCB676249F406E9EC1D53E91 /* [CP] Copy Pods Resources */ = {
			isa = PBXShellScriptBuildPhase;
			buildActionMask = 2147483647;
			files = (
			);
			inputPaths = (
			);
			name = "[CP] Copy Pods Resources";
			outputPaths = (
			);
			runOnlyForDeploymentPostprocessing = 0;
			shellPath = /bin/sh;
			shellScript = "\"${SRCROOT}/Pods/Target Support Files/Pods-PocketFinance/Pods-PocketFinance-resources.sh\"\n";
			showEnvVarsInLog = 0;
		};
/* End PBXShellScriptBuildPhase section */

/* Begin PBXSourcesBuildPhase section */
		5030C7BF1D4A5BDE003E4FEE /* Sources */ = {
			isa = PBXSourcesBuildPhase;
			buildActionMask = 2147483647;
			files = (
				5030C8001D4A91F3003E4FEE /* GraphViewController.swift in Sources */,
				5030C7E31D4A60C3003E4FEE /* ViewController.swift in Sources */,
				F46465941D57CE3700929424 /* OptionPrices.swift in Sources */,
				5030C7C71D4A5BDE003E4FEE /* AppDelegate.swift in Sources */,
				5030C7E71D4A60F8003E4FEE /* StockTableViewCell.swift in Sources */,
				5030C7DB1D4A5F14003E4FEE /* StockPrices.swift in Sources */,
				5030C7E51D4A60D7003E4FEE /* NewSimViewController.swift in Sources */,
				5030C7E91D4A6100003E4FEE /* SimTableViewCell.swift in Sources */,
				F4370E281D6E30290014E409 /* SimulationDetailViewController.swift in Sources */,
				5030C7DF1D4A5F28003E4FEE /* Simulation.swift in Sources */,
				5030C7DD1D4A5F21003E4FEE /* StockInfo.swift in Sources */,
			);
			runOnlyForDeploymentPostprocessing = 0;
		};
/* End PBXSourcesBuildPhase section */

/* Begin PBXTargetDependency section */
		5030C7FD1D4A9190003E4FEE /* PBXTargetDependency */ = {
			isa = PBXTargetDependency;
			name = "Charts-iOS";
			targetProxy = 5030C7FC1D4A9190003E4FEE /* PBXContainerItemProxy */;
		};
/* End PBXTargetDependency section */

/* Begin PBXVariantGroup section */
		5030C7CF1D4A5BDE003E4FEE /* LaunchScreen.storyboard */ = {
			isa = PBXVariantGroup;
			children = (
				5030C7D01D4A5BDE003E4FEE /* Base */,
			);
			name = LaunchScreen.storyboard;
			sourceTree = "<group>";
		};
/* End PBXVariantGroup section */

/* Begin XCBuildConfiguration section */
		5030C7D31D4A5BDE003E4FEE /* Debug */ = {
			isa = XCBuildConfiguration;
			buildSettings = {
				ALWAYS_SEARCH_USER_PATHS = NO;
				CLANG_ANALYZER_NONNULL = YES;
				CLANG_CXX_LANGUAGE_STANDARD = "gnu++0x";
				CLANG_CXX_LIBRARY = "libc++";
				CLANG_ENABLE_MODULES = YES;
				CLANG_ENABLE_OBJC_ARC = YES;
				CLANG_WARN_BOOL_CONVERSION = YES;
				CLANG_WARN_CONSTANT_CONVERSION = YES;
				CLANG_WARN_DIRECT_OBJC_ISA_USAGE = YES_ERROR;
				CLANG_WARN_EMPTY_BODY = YES;
				CLANG_WARN_ENUM_CONVERSION = YES;
				CLANG_WARN_INT_CONVERSION = YES;
				CLANG_WARN_OBJC_ROOT_CLASS = YES_ERROR;
				CLANG_WARN_UNREACHABLE_CODE = YES;
				CLANG_WARN__DUPLICATE_METHOD_MATCH = YES;
				"CODE_SIGN_IDENTITY[sdk=iphoneos*]" = "iPhone Developer";
				COPY_PHASE_STRIP = NO;
				DEBUG_INFORMATION_FORMAT = dwarf;
				ENABLE_STRICT_OBJC_MSGSEND = YES;
				ENABLE_TESTABILITY = YES;
				GCC_C_LANGUAGE_STANDARD = gnu99;
				GCC_DYNAMIC_NO_PIC = NO;
				GCC_NO_COMMON_BLOCKS = YES;
				GCC_OPTIMIZATION_LEVEL = 0;
				GCC_PREPROCESSOR_DEFINITIONS = (
					"DEBUG=1",
					"$(inherited)",
				);
				GCC_WARN_64_TO_32_BIT_CONVERSION = YES;
				GCC_WARN_ABOUT_RETURN_TYPE = YES_ERROR;
				GCC_WARN_UNDECLARED_SELECTOR = YES;
				GCC_WARN_UNINITIALIZED_AUTOS = YES_AGGRESSIVE;
				GCC_WARN_UNUSED_FUNCTION = YES;
				GCC_WARN_UNUSED_VARIABLE = YES;
				IPHONEOS_DEPLOYMENT_TARGET = 9.3;
				MTL_ENABLE_DEBUG_INFO = YES;
				ONLY_ACTIVE_ARCH = YES;
				SDKROOT = iphoneos;
				SWIFT_OPTIMIZATION_LEVEL = "-Onone";
				TARGETED_DEVICE_FAMILY = "1,2";
			};
			name = Debug;
		};
		5030C7D41D4A5BDE003E4FEE /* Release */ = {
			isa = XCBuildConfiguration;
			buildSettings = {
				ALWAYS_SEARCH_USER_PATHS = NO;
				CLANG_ANALYZER_NONNULL = YES;
				CLANG_CXX_LANGUAGE_STANDARD = "gnu++0x";
				CLANG_CXX_LIBRARY = "libc++";
				CLANG_ENABLE_MODULES = YES;
				CLANG_ENABLE_OBJC_ARC = YES;
				CLANG_WARN_BOOL_CONVERSION = YES;
				CLANG_WARN_CONSTANT_CONVERSION = YES;
				CLANG_WARN_DIRECT_OBJC_ISA_USAGE = YES_ERROR;
				CLANG_WARN_EMPTY_BODY = YES;
				CLANG_WARN_ENUM_CONVERSION = YES;
				CLANG_WARN_INT_CONVERSION = YES;
				CLANG_WARN_OBJC_ROOT_CLASS = YES_ERROR;
				CLANG_WARN_UNREACHABLE_CODE = YES;
				CLANG_WARN__DUPLICATE_METHOD_MATCH = YES;
				"CODE_SIGN_IDENTITY[sdk=iphoneos*]" = "iPhone Developer";
				COPY_PHASE_STRIP = NO;
				DEBUG_INFORMATION_FORMAT = "dwarf-with-dsym";
				ENABLE_NS_ASSERTIONS = NO;
				ENABLE_STRICT_OBJC_MSGSEND = YES;
				GCC_C_LANGUAGE_STANDARD = gnu99;
				GCC_NO_COMMON_BLOCKS = YES;
				GCC_WARN_64_TO_32_BIT_CONVERSION = YES;
				GCC_WARN_ABOUT_RETURN_TYPE = YES_ERROR;
				GCC_WARN_UNDECLARED_SELECTOR = YES;
				GCC_WARN_UNINITIALIZED_AUTOS = YES_AGGRESSIVE;
				GCC_WARN_UNUSED_FUNCTION = YES;
				GCC_WARN_UNUSED_VARIABLE = YES;
				IPHONEOS_DEPLOYMENT_TARGET = 9.3;
				MTL_ENABLE_DEBUG_INFO = NO;
				SDKROOT = iphoneos;
				TARGETED_DEVICE_FAMILY = "1,2";
				VALIDATE_PRODUCT = YES;
			};
			name = Release;
		};
		5030C7D61D4A5BDE003E4FEE /* Debug */ = {
			isa = XCBuildConfiguration;
			baseConfigurationReference = 12CC0A8A9E128FA52A0FACF3 /* Pods-PocketFinance.debug.xcconfig */;
			buildSettings = {
				ASSETCATALOG_COMPILER_APPICON_NAME = AppIcon;
				CODE_SIGN_IDENTITY = "iPhone Developer";
				EMBEDDED_CONTENT_CONTAINS_SWIFT = YES;
				INFOPLIST_FILE = PocketFinance/Info.plist;
				LD_RUNPATH_SEARCH_PATHS = "$(inherited) @executable_path/Frameworks";
				PRODUCT_BUNDLE_IDENTIFIER = Weirui.PocketFinance;
				PRODUCT_NAME = "$(TARGET_NAME)";
				SWIFT_VERSION = 2.3;
			};
			name = Debug;
		};
		5030C7D71D4A5BDE003E4FEE /* Release */ = {
			isa = XCBuildConfiguration;
			baseConfigurationReference = 73119D00F8DDD5EC915A7760 /* Pods-PocketFinance.release.xcconfig */;
			buildSettings = {
				ASSETCATALOG_COMPILER_APPICON_NAME = AppIcon;
				CODE_SIGN_IDENTITY = "iPhone Developer";
				EMBEDDED_CONTENT_CONTAINS_SWIFT = YES;
				INFOPLIST_FILE = PocketFinance/Info.plist;
				LD_RUNPATH_SEARCH_PATHS = "$(inherited) @executable_path/Frameworks";
				PRODUCT_BUNDLE_IDENTIFIER = Weirui.PocketFinance;
				PRODUCT_NAME = "$(TARGET_NAME)";
				SWIFT_VERSION = 2.3;
			};
			name = Release;
		};
/* End XCBuildConfiguration section */

/* Begin XCConfigurationList section */
		5030C7BE1D4A5BDE003E4FEE /* Build configuration list for PBXProject "PocketFinance" */ = {
			isa = XCConfigurationList;
			buildConfigurations = (
				5030C7D31D4A5BDE003E4FEE /* Debug */,
				5030C7D41D4A5BDE003E4FEE /* Release */,
			);
			defaultConfigurationIsVisible = 0;
			defaultConfigurationName = Release;
		};
		5030C7D51D4A5BDE003E4FEE /* Build configuration list for PBXNativeTarget "PocketFinance" */ = {
			isa = XCConfigurationList;
			buildConfigurations = (
				5030C7D61D4A5BDE003E4FEE /* Debug */,
				5030C7D71D4A5BDE003E4FEE /* Release */,
			);
			defaultConfigurationIsVisible = 0;
			defaultConfigurationName = Release;
		};
/* End XCConfigurationList section */
	};
	rootObject = 5030C7BB1D4A5BDE003E4FEE /* Project object */;
}
