// !$*UTF8*$!
{
	archiveVersion = 1;
	classes = {
	};
	objectVersion = 46;
	objects = {

/* Begin PBXBuildFile section */
		5030C7C71D4A5BDE003E4FEE /* AppDelegate.swift in Sources */ = {isa = PBXBuildFile; fileRef = 5030C7C61D4A5BDE003E4FEE /* AppDelegate.swift */; };
		5030C7C91D4A5BDE003E4FEE /* ViewController.swift in Sources */ = {isa = PBXBuildFile; fileRef = 5030C7C81D4A5BDE003E4FEE /* ViewController.swift */; };
		5030C7CC1D4A5BDE003E4FEE /* Main.storyboard in Resources */ = {isa = PBXBuildFile; fileRef = 5030C7CA1D4A5BDE003E4FEE /* Main.storyboard */; };
		5030C7CE1D4A5BDE003E4FEE /* Assets.xcassets in Resources */ = {isa = PBXBuildFile; fileRef = 5030C7CD1D4A5BDE003E4FEE /* Assets.xcassets */; };
		5030C7D11D4A5BDE003E4FEE /* LaunchScreen.storyboard in Resources */ = {isa = PBXBuildFile; fileRef = 5030C7CF1D4A5BDE003E4FEE /* LaunchScreen.storyboard */; };
/* End PBXBuildFile section */

/* Begin PBXFileReference section */
		5030C7C31D4A5BDE003E4FEE /* PocketFinance.app */ = {isa = PBXFileReference; explicitFileType = wrapper.application; includeInIndex = 0; path = PocketFinance.app; sourceTree = BUILT_PRODUCTS_DIR; };
		5030C7C61D4A5BDE003E4FEE /* AppDelegate.swift */ = {isa = PBXFileReference; lastKnownFileType = sourcecode.swift; path = AppDelegate.swift; sourceTree = "<group>"; };
		5030C7C81D4A5BDE003E4FEE /* ViewController.swift */ = {isa = PBXFileReference; lastKnownFileType = sourcecode.swift; path = ViewController.swift; sourceTree = "<group>"; };
		5030C7CB1D4A5BDE003E4FEE /* Base */ = {isa = PBXFileReference; lastKnownFileType = file.storyboard; name = Base; path = Base.lproj/Main.storyboard; sourceTree = "<group>"; };
		5030C7CD1D4A5BDE003E4FEE /* Assets.xcassets */ = {isa = PBXFileReference; lastKnownFileType = folder.assetcatalog; path = Assets.xcassets; sourceTree = "<group>"; };
		5030C7D01D4A5BDE003E4FEE /* Base */ = {isa = PBXFileReference; lastKnownFileType = file.storyboard; name = Base; path = Base.lproj/LaunchScreen.storyboard; sourceTree = "<group>"; };
		5030C7D21D4A5BDE003E4FEE /* Info.plist */ = {isa = PBXFileReference; lastKnownFileType = text.plist.xml; path = Info.plist; sourceTree = "<group>"; };
/* End PBXFileReference section */

/* Begin PBXFrameworksBuildPhase section */
		5030C7C01D4A5BDE003E4FEE /* Frameworks */ = {
			isa = PBXFrameworksBuildPhase;
			buildActionMask = 2147483647;
			files = (
			);
			runOnlyForDeploymentPostprocessing = 0;
		};
/* End PBXFrameworksBuildPhase section */

/* Begin PBXGroup section */
		5030C7BA1D4A5BDE003E4FEE = {
			isa = PBXGroup;
			children = (
				5030C7C51D4A5BDE003E4FEE /* PocketFinance */,
				5030C7C41D4A5BDE003E4FEE /* Products */,
			);
			sourceTree = "<group>";
		};
		5030C7C41D4A5BDE003E4FEE /* Products */ = {
			isa = PBXGroup;
			children = (
				5030C7C31D4A5BDE003E4FEE /* PocketFinance.app */,
			);
			name = Products;
			sourceTree = "<group>";
		};
		5030C7C51D4A5BDE003E4FEE /* PocketFinance */ = {
			isa = PBXGroup;
			children = (
				5030C7C61D4A5BDE003E4FEE /* AppDelegate.swift */,
				5030C7C81D4A5BDE003E4FEE /* ViewController.swift */,
				5030C7CA1D4A5BDE003E4FEE /* Main.storyboard */,
				5030C7CD1D4A5BDE003E4FEE /* Assets.xcassets */,
				5030C7CF1D4A5BDE003E4FEE /* LaunchScreen.storyboard */,
				5030C7D21D4A5BDE003E4FEE /* Info.plist */,
			);
			path = PocketFinance;
			sourceTree = "<group>";
		};
/* End PBXGroup section */

/* Begin PBXNativeTarget section */
		5030C7C21D4A5BDE003E4FEE /* PocketFinance */ = {
			isa = PBXNativeTarget;
			buildConfigurationList = 5030C7D51D4A5BDE003E4FEE /* Build configuration list for PBXNativeTarget "PocketFinance" */;
			buildPhases = (
				5030C7BF1D4A5BDE003E4FEE /* Sources */,
				5030C7C01D4A5BDE003E4FEE /* Frameworks */,
				5030C7C11D4A5BDE003E4FEE /* Resources */,
			);
			buildRules = (
			);
			dependencies = (
			);
			name = PocketFinance;
			productName = PocketFinance;
			productReference = 5030C7C31D4A5BDE003E4FEE /* PocketFinance.app */;
			productType = "com.apple.product-type.application";
		};
/* End PBXNativeTarget section */

/* Begin PBXProject section */
		5030C7BB1D4A5BDE003E4FEE /* Project object */ = {
			isa = PBXProject;
			attributes = {
				LastSwiftUpdateCheck = 0730;
				LastUpgradeCheck = 0730;
				ORGANIZATIONNAME = uwaterloo;
				TargetAttributes = {
					5030C7C21D4A5BDE003E4FEE = {
						CreatedOnToolsVersion = 7.3.1;
					};
				};
			};
			buildConfigurationList = 5030C7BE1D4A5BDE003E4FEE /* Build configuration list for PBXProject "PocketFinance" */;
			compatibilityVersion = "Xcode 3.2";
			developmentRegion = English;
			hasScannedForEncodings = 0;
			knownRegions = (
				en,
				Base,
			);
			mainGroup = 5030C7BA1D4A5BDE003E4FEE;
			productRefGroup = 5030C7C41D4A5BDE003E4FEE /* Products */;
			projectDirPath = "";
			projectRoot = "";
			targets = (
				5030C7C21D4A5BDE003E4FEE /* PocketFinance */,
			);
		};
/* End PBXProject section */

/* Begin PBXResourcesBuildPhase section */
		5030C7C11D4A5BDE003E4FEE /* Resources */ = {
			isa = PBXResourcesBuildPhase;
			buildActionMask = 2147483647;
			files = (
				5030C7D11D4A5BDE003E4FEE /* LaunchScreen.storyboard in Resources */,
				5030C7CE1D4A5BDE003E4FEE /* Assets.xcassets in Resources */,
				5030C7CC1D4A5BDE003E4FEE /* Main.storyboard in Resources */,
			);
			runOnlyForDeploymentPostprocessing = 0;
		};
/* End PBXResourcesBuildPhase section */

/* Begin PBXSourcesBuildPhase section */
		5030C7BF1D4A5BDE003E4FEE /* Sources */ = {
			isa = PBXSourcesBuildPhase;
			buildActionMask = 2147483647;
			files = (
				5030C7C91D4A5BDE003E4FEE /* ViewController.swift in Sources */,
				5030C7C71D4A5BDE003E4FEE /* AppDelegate.swift in Sources */,
			);
			runOnlyForDeploymentPostprocessing = 0;
		};
/* End PBXSourcesBuildPhase section */

/* Begin PBXVariantGroup section */
		5030C7CA1D4A5BDE003E4FEE /* Main.storyboard */ = {
			isa = PBXVariantGroup;
			children = (
				5030C7CB1D4A5BDE003E4FEE /* Base */,
			);
			name = Main.storyboard;
			sourceTree = "<group>";
		};
		5030C7CF1D4A5BDE003E4FEE /* LaunchScreen.storyboard */ = {
			isa = PBXVariantGroup;
			children = (
				5030C7D01D4A5BDE003E4FEE /* Base */,
			);
			name = LaunchScreen.storyboard;
			sourceTree = "<group>";
		};
/* End PBXVariantGroup section */

/* Begin XCBuildConfiguration section */
		5030C7D31D4A5BDE003E4FEE /* Debug */ = {
			isa = XCBuildConfiguration;
			buildSettings = {
				ALWAYS_SEARCH_USER_PATHS = NO;
				CLANG_ANALYZER_NONNULL = YES;
				CLANG_CXX_LANGUAGE_STANDARD = "gnu++0x";
				CLANG_CXX_LIBRARY = "libc++";
				CLANG_ENABLE_MODULES = YES;
				CLANG_ENABLE_OBJC_ARC = YES;
				CLANG_WARN_BOOL_CONVERSION = YES;
				CLANG_WARN_CONSTANT_CONVERSION = YES;
				CLANG_WARN_DIRECT_OBJC_ISA_USAGE = YES_ERROR;
				CLANG_WARN_EMPTY_BODY = YES;
				CLANG_WARN_ENUM_CONVERSION = YES;
				CLANG_WARN_INT_CONVERSION = YES;
				CLANG_WARN_OBJC_ROOT_CLASS = YES_ERROR;
				CLANG_WARN_UNREACHABLE_CODE = YES;
				CLANG_WARN__DUPLICATE_METHOD_MATCH = YES;
				"CODE_SIGN_IDENTITY[sdk=iphoneos*]" = "iPhone Developer";
				COPY_PHASE_STRIP = NO;
				DEBUG_INFORMATION_FORMAT = dwarf;
				ENABLE_STRICT_OBJC_MSGSEND = YES;
				ENABLE_TESTABILITY = YES;
				GCC_C_LANGUAGE_STANDARD = gnu99;
				GCC_DYNAMIC_NO_PIC = NO;
				GCC_NO_COMMON_BLOCKS = YES;
				GCC_OPTIMIZATION_LEVEL = 0;
				GCC_PREPROCESSOR_DEFINITIONS = (
					"DEBUG=1",
					"$(inherited)",
				);
				GCC_WARN_64_TO_32_BIT_CONVERSION = YES;
				GCC_WARN_ABOUT_RETURN_TYPE = YES_ERROR;
				GCC_WARN_UNDECLARED_SELECTOR = YES;
				GCC_WARN_UNINITIALIZED_AUTOS = YES_AGGRESSIVE;
				GCC_WARN_UNUSED_FUNCTION = YES;
				GCC_WARN_UNUSED_VARIABLE = YES;
				IPHONEOS_DEPLOYMENT_TARGET = 9.3;
				MTL_ENABLE_DEBUG_INFO = YES;
				ONLY_ACTIVE_ARCH = YES;
				SDKROOT = iphoneos;
				SWIFT_OPTIMIZATION_LEVEL = "-Onone";
				TARGETED_DEVICE_FAMILY = "1,2";
			};
			name = Debug;
		};
		5030C7D41D4A5BDE003E4FEE /* Release */ = {
			isa = XCBuildConfiguration;
			buildSettings = {
				ALWAYS_SEARCH_USER_PATHS = NO;
				CLANG_ANALYZER_NONNULL = YES;
				CLANG_CXX_LANGUAGE_STANDARD = "gnu++0x";
				CLANG_CXX_LIBRARY = "libc++";
				CLANG_ENABLE_MODULES = YES;
				CLANG_ENABLE_OBJC_ARC = YES;
				CLANG_WARN_BOOL_CONVERSION = YES;
				CLANG_WARN_CONSTANT_CONVERSION = YES;
				CLANG_WARN_DIRECT_OBJC_ISA_USAGE = YES_ERROR;
				CLANG_WARN_EMPTY_BODY = YES;
				CLANG_WARN_ENUM_CONVERSION = YES;
				CLANG_WARN_INT_CONVERSION = YES;
				CLANG_WARN_OBJC_ROOT_CLASS = YES_ERROR;
				CLANG_WARN_UNREACHABLE_CODE = YES;
				CLANG_WARN__DUPLICATE_METHOD_MATCH = YES;
				"CODE_SIGN_IDENTITY[sdk=iphoneos*]" = "iPhone Developer";
				COPY_PHASE_STRIP = NO;
				DEBUG_INFORMATION_FORMAT = "dwarf-with-dsym";
				ENABLE_NS_ASSERTIONS = NO;
				ENABLE_STRICT_OBJC_MSGSEND = YES;
				GCC_C_LANGUAGE_STANDARD = gnu99;
				GCC_NO_COMMON_BLOCKS = YES;
				GCC_WARN_64_TO_32_BIT_CONVERSION = YES;
				GCC_WARN_ABOUT_RETURN_TYPE = YES_ERROR;
				GCC_WARN_UNDECLARED_SELECTOR = YES;
				GCC_WARN_UNINITIALIZED_AUTOS = YES_AGGRESSIVE;
				GCC_WARN_UNUSED_FUNCTION = YES;
				GCC_WARN_UNUSED_VARIABLE = YES;
				IPHONEOS_DEPLOYMENT_TARGET = 9.3;
				MTL_ENABLE_DEBUG_INFO = NO;
				SDKROOT = iphoneos;
				TARGETED_DEVICE_FAMILY = "1,2";
				VALIDATE_PRODUCT = YES;
			};
			name = Release;
		};
		5030C7D61D4A5BDE003E4FEE /* Debug */ = {
			isa = XCBuildConfiguration;
			buildSettings = {
				ASSETCATALOG_COMPILER_APPICON_NAME = AppIcon;
				INFOPLIST_FILE = PocketFinance/Info.plist;
				LD_RUNPATH_SEARCH_PATHS = "$(inherited) @executable_path/Frameworks";
				PRODUCT_BUNDLE_IDENTIFIER = Weirui.PocketFinance;
				PRODUCT_NAME = "$(TARGET_NAME)";
			};
			name = Debug;
		};
		5030C7D71D4A5BDE003E4FEE /* Release */ = {
			isa = XCBuildConfiguration;
			buildSettings = {
				ASSETCATALOG_COMPILER_APPICON_NAME = AppIcon;
				INFOPLIST_FILE = PocketFinance/Info.plist;
				LD_RUNPATH_SEARCH_PATHS = "$(inherited) @executable_path/Frameworks";
				PRODUCT_BUNDLE_IDENTIFIER = Weirui.PocketFinance;
				PRODUCT_NAME = "$(TARGET_NAME)";
			};
			name = Release;
		};
/* End XCBuildConfiguration section */

/* Begin XCConfigurationList section */
		5030C7BE1D4A5BDE003E4FEE /* Build configuration list for PBXProject "PocketFinance" */ = {
			isa = XCConfigurationList;
			buildConfigurations = (
				5030C7D31D4A5BDE003E4FEE /* Debug */,
				5030C7D41D4A5BDE003E4FEE /* Release */,
			);
			defaultConfigurationIsVisible = 0;
			defaultConfigurationName = Release;
		};
		5030C7D51D4A5BDE003E4FEE /* Build configuration list for PBXNativeTarget "PocketFinance" */ = {
			isa = XCConfigurationList;
			buildConfigurations = (
				5030C7D61D4A5BDE003E4FEE /* Debug */,
				5030C7D71D4A5BDE003E4FEE /* Release */,
			);
			defaultConfigurationIsVisible = 0;
		};
/* End XCConfigurationList section */
	};
	rootObject = 5030C7BB1D4A5BDE003E4FEE /* Project object */;
}
